{
  "name": "cycle-gtk",
  "version": "1.0.0",
  "lockfileVersion": 1,
  "requires": true,
  "dependencies": {
    "@cycle/run": {
      "version": "3.2.0",
      "resolved": "https://registry.npmjs.org/@cycle/run/-/run-3.2.0.tgz",
      "integrity": "sha1-+4qq6eY31iH3i3adOuGFiB7JKJc=",
      "requires": {
        "xstream": "10.9.0"
      }
    },
    "jsgtk": {
      "version": "0.12.2",
      "resolved": "https://registry.npmjs.org/jsgtk/-/jsgtk-0.12.2.tgz",
      "integrity": "sha512-lwmZFYCL3GnJO0/W7xFxbag9fHJF5YbKKn0UpOOhuvaprePiEQ+9yDYmErrmjun0D+tf443J2/vEp9J53Wk7xw=="
    },
    "ramda": {
      "version": "0.24.1",
      "resolved": "https://registry.npmjs.org/ramda/-/ramda-0.24.1.tgz",
      "integrity": "sha1-w7d1UZfzW43DUCIoJixMkd22uFc="
    },
    "symbol-observable": {
      "version": "1.0.4",
      "resolved": "https://registry.npmjs.org/symbol-observable/-/symbol-observable-1.0.4.tgz",
      "integrity": "sha1-Kb9hXUqnEhvdiYsi1LP5vE4qoD0="
    },
    "xstream": {
      "version": "10.9.0",
      "resolved": "https://registry.npmjs.org/xstream/-/xstream-10.9.0.tgz",
      "integrity": "sha1-23k0zsLaATYNQ6u7yHm4RSQ5e1U=",
      "requires": {
        "symbol-observable": "1.0.4"
      }
    }
  }
}
